
Microsoft Visual Studio Solution File, Format Version 12.00
# Visual Studio Version 17
VisualStudioVersion = 17.5.33627.172
MinimumVisualStudioVersion = 10.0.40219.1
Project("{9A19103F-16F7-4668-BE54-9A1E7A4F7556}") = "APIGateway", "APIGateway\APIGateway.csproj", "{98CD825F-C7DE-461E-AD90-AF75BE8B410A}"
EndProject
Project("{2150E333-8FDC-42A3-9474-1A3956D46DE8}") = "Services", "Services", "{5E4F4B12-6CD9-4629-9F87-C8D30FC7F07F}"
EndProject
Project("{2150E333-8FDC-42A3-9474-1A3956D46DE8}") = "ContactAPI", "ContactAPI", "{52D33DA9-4A19-4853-BA0D-010B75A53029}"
EndProject
Project("{9A19103F-16F7-4668-BE54-9A1E7A4F7556}") = "Contact.API", "Services\Contact.API\Contact.API.csproj", "{F161DF36-CEFF-4116-93CC-5BDF3D3B6852}"
EndProject
Project("{9A19103F-16F7-4668-BE54-9A1E7A4F7556}") = "Contact.API.Models", "Contact.API.Models\Contact.API.Models.csproj", "{6712460D-029F-47B4-A526-77A36EFA5331}"
EndProject
Project("{9A19103F-16F7-4668-BE54-9A1E7A4F7556}") = "Contact.API.Services", "Contact.API.Services\Contact.API.Services.csproj", "{F463F353-C6D2-411E-BD9C-B52C2935262C}"
EndProject
Project("{9A19103F-16F7-4668-BE54-9A1E7A4F7556}") = "Contact.API.Infrastructure", "Contact.API.Infrastructure\Contact.API.Infrastructure.csproj", "{43311455-4982-425D-98E2-54F0E6AF845A}"
EndProject
Project("{2150E333-8FDC-42A3-9474-1A3956D46DE8}") = "ReservationAPI", "ReservationAPI", "{A52FD267-6E9D-49F6-B015-BA9B6E0ABCBB}"
EndProject
Project("{9A19103F-16F7-4668-BE54-9A1E7A4F7556}") = "Reservation.API", "Services\Reservation.API\Reservation.API\Reservation.API.csproj", "{882D2050-5DB6-45B4-972D-14B6A8A41F0E}"
EndProject
Project("{FAE04EC0-301F-11D3-BF4B-00C04F79EFBC}") = "Reservation.API.Infrastructure", "Reservation.API.Infrastructure\Reservation.API.Infrastructure.csproj", "{ABCB86AF-F4F9-4DFB-83EF-58C6284E0573}"
EndProject
Project("{FAE04EC0-301F-11D3-BF4B-00C04F79EFBC}") = "Reservation.API.Services", "Reservation.API.Services\Reservation.API.Services.csproj", "{74F54FDA-028B-42AE-989A-49281CC235C8}"
EndProject
Project("{FAE04EC0-301F-11D3-BF4B-00C04F79EFBC}") = "Reservation.API.Models", "Reservation.API.Models\Reservation.API.Models.csproj", "{2EE632BA-D053-4E1B-9621-FC4938B6150E}"
EndProject
Global
	GlobalSection(SolutionConfigurationPlatforms) = preSolution
		Debug|Any CPU = Debug|Any CPU
		Release|Any CPU = Release|Any CPU
	EndGlobalSection
	GlobalSection(ProjectConfigurationPlatforms) = postSolution
		{98CD825F-C7DE-461E-AD90-AF75BE8B410A}.Debug|Any CPU.ActiveCfg = Debug|Any CPU
		{98CD825F-C7DE-461E-AD90-AF75BE8B410A}.Debug|Any CPU.Build.0 = Debug|Any CPU
		{98CD825F-C7DE-461E-AD90-AF75BE8B410A}.Release|Any CPU.ActiveCfg = Release|Any CPU
		{98CD825F-C7DE-461E-AD90-AF75BE8B410A}.Release|Any CPU.Build.0 = Release|Any CPU
		{F161DF36-CEFF-4116-93CC-5BDF3D3B6852}.Debug|Any CPU.ActiveCfg = Debug|Any CPU
		{F161DF36-CEFF-4116-93CC-5BDF3D3B6852}.Debug|Any CPU.Build.0 = Debug|Any CPU
		{F161DF36-CEFF-4116-93CC-5BDF3D3B6852}.Release|Any CPU.ActiveCfg = Release|Any CPU
		{F161DF36-CEFF-4116-93CC-5BDF3D3B6852}.Release|Any CPU.Build.0 = Release|Any CPU
		{6712460D-029F-47B4-A526-77A36EFA5331}.Debug|Any CPU.ActiveCfg = Debug|Any CPU
		{6712460D-029F-47B4-A526-77A36EFA5331}.Debug|Any CPU.Build.0 = Debug|Any CPU
		{6712460D-029F-47B4-A526-77A36EFA5331}.Release|Any CPU.ActiveCfg = Release|Any CPU
		{6712460D-029F-47B4-A526-77A36EFA5331}.Release|Any CPU.Build.0 = Release|Any CPU
		{F463F353-C6D2-411E-BD9C-B52C2935262C}.Debug|Any CPU.ActiveCfg = Debug|Any CPU
		{F463F353-C6D2-411E-BD9C-B52C2935262C}.Debug|Any CPU.Build.0 = Debug|Any CPU
		{F463F353-C6D2-411E-BD9C-B52C2935262C}.Release|Any CPU.ActiveCfg = Release|Any CPU
		{F463F353-C6D2-411E-BD9C-B52C2935262C}.Release|Any CPU.Build.0 = Release|Any CPU
		{43311455-4982-425D-98E2-54F0E6AF845A}.Debug|Any CPU.ActiveCfg = Debug|Any CPU
		{43311455-4982-425D-98E2-54F0E6AF845A}.Debug|Any CPU.Build.0 = Debug|Any CPU
		{43311455-4982-425D-98E2-54F0E6AF845A}.Release|Any CPU.ActiveCfg = Release|Any CPU
		{43311455-4982-425D-98E2-54F0E6AF845A}.Release|Any CPU.Build.0 = Release|Any CPU
		{882D2050-5DB6-45B4-972D-14B6A8A41F0E}.Debug|Any CPU.ActiveCfg = Debug|Any CPU
		{882D2050-5DB6-45B4-972D-14B6A8A41F0E}.Debug|Any CPU.Build.0 = Debug|Any CPU
		{882D2050-5DB6-45B4-972D-14B6A8A41F0E}.Release|Any CPU.ActiveCfg = Release|Any CPU
		{882D2050-5DB6-45B4-972D-14B6A8A41F0E}.Release|Any CPU.Build.0 = Release|Any CPU
		{ABCB86AF-F4F9-4DFB-83EF-58C6284E0573}.Debug|Any CPU.ActiveCfg = Debug|Any CPU
		{ABCB86AF-F4F9-4DFB-83EF-58C6284E0573}.Debug|Any CPU.Build.0 = Debug|Any CPU
		{ABCB86AF-F4F9-4DFB-83EF-58C6284E0573}.Release|Any CPU.ActiveCfg = Release|Any CPU
		{ABCB86AF-F4F9-4DFB-83EF-58C6284E0573}.Release|Any CPU.Build.0 = Release|Any CPU
		{74F54FDA-028B-42AE-989A-49281CC235C8}.Debug|Any CPU.ActiveCfg = Debug|Any CPU
		{74F54FDA-028B-42AE-989A-49281CC235C8}.Debug|Any CPU.Build.0 = Debug|Any CPU
		{74F54FDA-028B-42AE-989A-49281CC235C8}.Release|Any CPU.ActiveCfg = Release|Any CPU
		{74F54FDA-028B-42AE-989A-49281CC235C8}.Release|Any CPU.Build.0 = Release|Any CPU
		{2EE632BA-D053-4E1B-9621-FC4938B6150E}.Debug|Any CPU.ActiveCfg = Debug|Any CPU
		{2EE632BA-D053-4E1B-9621-FC4938B6150E}.Debug|Any CPU.Build.0 = Debug|Any CPU
		{2EE632BA-D053-4E1B-9621-FC4938B6150E}.Release|Any CPU.ActiveCfg = Release|Any CPU
		{2EE632BA-D053-4E1B-9621-FC4938B6150E}.Release|Any CPU.Build.0 = Release|Any CPU
	EndGlobalSection
	GlobalSection(SolutionProperties) = preSolution
		HideSolutionNode = FALSE
	EndGlobalSection
	GlobalSection(NestedProjects) = preSolution
		{52D33DA9-4A19-4853-BA0D-010B75A53029} = {5E4F4B12-6CD9-4629-9F87-C8D30FC7F07F}
		{F161DF36-CEFF-4116-93CC-5BDF3D3B6852} = {52D33DA9-4A19-4853-BA0D-010B75A53029}
		{6712460D-029F-47B4-A526-77A36EFA5331} = {52D33DA9-4A19-4853-BA0D-010B75A53029}
		{F463F353-C6D2-411E-BD9C-B52C2935262C} = {52D33DA9-4A19-4853-BA0D-010B75A53029}
		{43311455-4982-425D-98E2-54F0E6AF845A} = {52D33DA9-4A19-4853-BA0D-010B75A53029}
		{A52FD267-6E9D-49F6-B015-BA9B6E0ABCBB} = {5E4F4B12-6CD9-4629-9F87-C8D30FC7F07F}
		{882D2050-5DB6-45B4-972D-14B6A8A41F0E} = {A52FD267-6E9D-49F6-B015-BA9B6E0ABCBB}
		{ABCB86AF-F4F9-4DFB-83EF-58C6284E0573} = {A52FD267-6E9D-49F6-B015-BA9B6E0ABCBB}
		{74F54FDA-028B-42AE-989A-49281CC235C8} = {A52FD267-6E9D-49F6-B015-BA9B6E0ABCBB}
		{2EE632BA-D053-4E1B-9621-FC4938B6150E} = {A52FD267-6E9D-49F6-B015-BA9B6E0ABCBB}
	EndGlobalSection
	GlobalSection(ExtensibilityGlobals) = postSolution
		SolutionGuid = {44C251FC-29D2-44C9-87F9-1BF16BDA7D25}
	EndGlobalSection
EndGlobal
